// !$*UTF8*$!
{
	archiveVersion = 1;
	classes = {
	};
	objectVersion = 56;
	objects = {

/* Begin PBXBuildFile section */
		91D0744C2B9BB1E9009BA000 /* SignupViewController.swift in Sources */ = {isa = PBXBuildFile; fileRef = 91D0744B2B9BB1E9009BA000 /* SignupViewController.swift */; };
		91D0744E2B9BB1F9009BA000 /* FeedViewController.swift in Sources */ = {isa = PBXBuildFile; fileRef = 91D0744D2B9BB1F9009BA000 /* FeedViewController.swift */; };
		91D074502B9BB206009BA000 /* PostViewController.swift in Sources */ = {isa = PBXBuildFile; fileRef = 91D0744F2B9BB206009BA000 /* PostViewController.swift */; };
		91D074522B9BB4EB009BA000 /* PostCell.swift in Sources */ = {isa = PBXBuildFile; fileRef = 91D074512B9BB4EB009BA000 /* PostCell.swift */; };
		91D074552B9BB510009BA000 /* ParseSwift in Frameworks */ = {isa = PBXBuildFile; productRef = 91D074542B9BB510009BA000 /* ParseSwift */; };
		91D074582B9BB517009BA000 /* AlamofireImage in Frameworks */ = {isa = PBXBuildFile; productRef = 91D074572B9BB517009BA000 /* AlamofireImage */; };
		91D0745B2B9BB527009BA000 /* Alamofire in Frameworks */ = {isa = PBXBuildFile; productRef = 91D0745A2B9BB527009BA000 /* Alamofire */; };
		91D0745D2B9BB527009BA000 /* AlamofireDynamic in Frameworks */ = {isa = PBXBuildFile; productRef = 91D0745C2B9BB527009BA000 /* AlamofireDynamic */; };
		91D074612B9BB7CB009BA000 /* User.swift in Sources */ = {isa = PBXBuildFile; fileRef = 91D074602B9BB7CB009BA000 /* User.swift */; };
		91D074632B9BB7D4009BA000 /* Post.swift in Sources */ = {isa = PBXBuildFile; fileRef = 91D074622B9BB7D4009BA000 /* Post.swift */; };
		91D074662B9BBB89009BA000 /* DateFormatter+Extension.swift in Sources */ = {isa = PBXBuildFile; fileRef = 91D074652B9BBB89009BA000 /* DateFormatter+Extension.swift */; };
		91EFF2722B9B63D400B70D76 /* AppDelegate.swift in Sources */ = {isa = PBXBuildFile; fileRef = 91EFF2712B9B63D400B70D76 /* AppDelegate.swift */; };
		91EFF2742B9B63D400B70D76 /* SceneDelegate.swift in Sources */ = {isa = PBXBuildFile; fileRef = 91EFF2732B9B63D400B70D76 /* SceneDelegate.swift */; };
		91EFF2762B9B63D400B70D76 /* LoginViewController.swift in Sources */ = {isa = PBXBuildFile; fileRef = 91EFF2752B9B63D400B70D76 /* LoginViewController.swift */; };
		91EFF2792B9B63D400B70D76 /* Main.storyboard in Resources */ = {isa = PBXBuildFile; fileRef = 91EFF2772B9B63D400B70D76 /* Main.storyboard */; };
		91EFF27B2B9B63D500B70D76 /* Assets.xcassets in Resources */ = {isa = PBXBuildFile; fileRef = 91EFF27A2B9B63D500B70D76 /* Assets.xcassets */; };
		91EFF27E2B9B63D500B70D76 /* LaunchScreen.storyboard in Resources */ = {isa = PBXBuildFile; fileRef = 91EFF27C2B9B63D500B70D76 /* LaunchScreen.storyboard */; };
/* End PBXBuildFile section */

/* Begin PBXFileReference section */
		91D0744B2B9BB1E9009BA000 /* SignupViewController.swift */ = {isa = PBXFileReference; lastKnownFileType = sourcecode.swift; path = SignupViewController.swift; sourceTree = "<group>"; };
		91D0744D2B9BB1F9009BA000 /* FeedViewController.swift */ = {isa = PBXFileReference; lastKnownFileType = sourcecode.swift; path = FeedViewController.swift; sourceTree = "<group>"; };
		91D0744F2B9BB206009BA000 /* PostViewController.swift */ = {isa = PBXFileReference; lastKnownFileType = sourcecode.swift; path = PostViewController.swift; sourceTree = "<group>"; };
		91D074512B9BB4EB009BA000 /* PostCell.swift */ = {isa = PBXFileReference; lastKnownFileType = sourcecode.swift; path = PostCell.swift; sourceTree = "<group>"; };
		91D074602B9BB7CB009BA000 /* User.swift */ = {isa = PBXFileReference; lastKnownFileType = sourcecode.swift; path = User.swift; sourceTree = "<group>"; };
		91D074622B9BB7D4009BA000 /* Post.swift */ = {isa = PBXFileReference; lastKnownFileType = sourcecode.swift; path = Post.swift; sourceTree = "<group>"; };
		91D074652B9BBB89009BA000 /* DateFormatter+Extension.swift */ = {isa = PBXFileReference; lastKnownFileType = sourcecode.swift; path = "DateFormatter+Extension.swift"; sourceTree = "<group>"; };
		91EFF26E2B9B63D400B70D76 /* Project-2-BeReal.app */ = {isa = PBXFileReference; explicitFileType = wrapper.application; includeInIndex = 0; path = "Project-2-BeReal.app"; sourceTree = BUILT_PRODUCTS_DIR; };
		91EFF2712B9B63D400B70D76 /* AppDelegate.swift */ = {isa = PBXFileReference; lastKnownFileType = sourcecode.swift; path = AppDelegate.swift; sourceTree = "<group>"; };
		91EFF2732B9B63D400B70D76 /* SceneDelegate.swift */ = {isa = PBXFileReference; lastKnownFileType = sourcecode.swift; path = SceneDelegate.swift; sourceTree = "<group>"; };
		91EFF2752B9B63D400B70D76 /* LoginViewController.swift */ = {isa = PBXFileReference; lastKnownFileType = sourcecode.swift; path = LoginViewController.swift; sourceTree = "<group>"; };
		91EFF2782B9B63D400B70D76 /* Base */ = {isa = PBXFileReference; lastKnownFileType = file.storyboard; name = Base; path = Base.lproj/Main.storyboard; sourceTree = "<group>"; };
		91EFF27A2B9B63D500B70D76 /* Assets.xcassets */ = {isa = PBXFileReference; lastKnownFileType = folder.assetcatalog; path = Assets.xcassets; sourceTree = "<group>"; };
		91EFF27D2B9B63D500B70D76 /* Base */ = {isa = PBXFileReference; lastKnownFileType = file.storyboard; name = Base; path = Base.lproj/LaunchScreen.storyboard; sourceTree = "<group>"; };
		91EFF27F2B9B63D500B70D76 /* Info.plist */ = {isa = PBXFileReference; lastKnownFileType = text.plist.xml; path = Info.plist; sourceTree = "<group>"; };
/* End PBXFileReference section */

/* Begin PBXFrameworksBuildPhase section */
		91EFF26B2B9B63D400B70D76 /* Frameworks */ = {
			isa = PBXFrameworksBuildPhase;
			buildActionMask = 2147483647;
			files = (
				91D0745B2B9BB527009BA000 /* Alamofire in Frameworks */,
				91D0745D2B9BB527009BA000 /* AlamofireDynamic in Frameworks */,
				91D074552B9BB510009BA000 /* ParseSwift in Frameworks */,
				91D074582B9BB517009BA000 /* AlamofireImage in Frameworks */,
			);
			runOnlyForDeploymentPostprocessing = 0;
		};
/* End PBXFrameworksBuildPhase section */

/* Begin PBXGroup section */
		91D0745E2B9BB7A2009BA000 /* Feed */ = {
			isa = PBXGroup;
			children = (
				91D0744D2B9BB1F9009BA000 /* FeedViewController.swift */,
				91D074512B9BB4EB009BA000 /* PostCell.swift */,
			);
			path = Feed;
			sourceTree = "<group>";
		};
		91D0745F2B9BB7AB009BA000 /* Login */ = {
			isa = PBXGroup;
			children = (
				91D0744B2B9BB1E9009BA000 /* SignupViewController.swift */,
				91EFF2752B9B63D400B70D76 /* LoginViewController.swift */,
			);
			path = Login;
			sourceTree = "<group>";
		};
		91D074642B9BB7D7009BA000 /* Models */ = {
			isa = PBXGroup;
			children = (
				91D074602B9BB7CB009BA000 /* User.swift */,
				91D074622B9BB7D4009BA000 /* Post.swift */,
			);
			path = Models;
			sourceTree = "<group>";
		};
		91D074672B9BBBA2009BA000 /* Extensions */ = {
			isa = PBXGroup;
			children = (
				91D074652B9BBB89009BA000 /* DateFormatter+Extension.swift */,
			);
			path = Extensions;
			sourceTree = "<group>";
		};
		91D074682B9BBBB8009BA000 /* Post */ = {
			isa = PBXGroup;
			children = (
				91D0744F2B9BB206009BA000 /* PostViewController.swift */,
			);
			path = Post;
			sourceTree = "<group>";
		};
		91EFF2652B9B63D400B70D76 = {
			isa = PBXGroup;
			children = (
				91EFF2702B9B63D400B70D76 /* Project-2-BeReal */,
				91EFF26F2B9B63D400B70D76 /* Products */,
			);
			sourceTree = "<group>";
		};
		91EFF26F2B9B63D400B70D76 /* Products */ = {
			isa = PBXGroup;
			children = (
				91EFF26E2B9B63D400B70D76 /* Project-2-BeReal.app */,
			);
			name = Products;
			sourceTree = "<group>";
		};
		91EFF2702B9B63D400B70D76 /* Project-2-BeReal */ = {
			isa = PBXGroup;
			children = (
				91D074642B9BB7D7009BA000 /* Models */,
				91D0745E2B9BB7A2009BA000 /* Feed */,
				91D0745F2B9BB7AB009BA000 /* Login */,
				91D074672B9BBBA2009BA000 /* Extensions */,
				91EFF2712B9B63D400B70D76 /* AppDelegate.swift */,
				91EFF2732B9B63D400B70D76 /* SceneDelegate.swift */,
				91D074682B9BBBB8009BA000 /* Post */,
				91EFF2772B9B63D400B70D76 /* Main.storyboard */,
				91EFF27A2B9B63D500B70D76 /* Assets.xcassets */,
				91EFF27C2B9B63D500B70D76 /* LaunchScreen.storyboard */,
				91EFF27F2B9B63D500B70D76 /* Info.plist */,
			);
			path = "Project-2-BeReal";
			sourceTree = "<group>";
		};
/* End PBXGroup section */

/* Begin PBXNativeTarget section */
		91EFF26D2B9B63D400B70D76 /* Project-2-BeReal */ = {
			isa = PBXNativeTarget;
			buildConfigurationList = 91EFF2822B9B63D500B70D76 /* Build configuration list for PBXNativeTarget "Project-2-BeReal" */;
			buildPhases = (
				91EFF26A2B9B63D400B70D76 /* Sources */,
				91EFF26B2B9B63D400B70D76 /* Frameworks */,
				91EFF26C2B9B63D400B70D76 /* Resources */,
			);
			buildRules = (
			);
			dependencies = (
			);
			name = "Project-2-BeReal";
			packageProductDependencies = (
				91D074542B9BB510009BA000 /* ParseSwift */,
				91D074572B9BB517009BA000 /* AlamofireImage */,
				91D0745A2B9BB527009BA000 /* Alamofire */,
				91D0745C2B9BB527009BA000 /* AlamofireDynamic */,
			);
			productName = "Project-2-BeReal";
			productReference = 91EFF26E2B9B63D400B70D76 /* Project-2-BeReal.app */;
			productType = "com.apple.product-type.application";
		};
/* End PBXNativeTarget section */

/* Begin PBXProject section */
		91EFF2662B9B63D400B70D76 /* Project object */ = {
			isa = PBXProject;
			attributes = {
				BuildIndependentTargetsInParallel = 1;
				LastSwiftUpdateCheck = 1520;
				LastUpgradeCheck = 1520;
				TargetAttributes = {
					91EFF26D2B9B63D400B70D76 = {
						CreatedOnToolsVersion = 15.2;
					};
				};
			};
			buildConfigurationList = 91EFF2692B9B63D400B70D76 /* Build configuration list for PBXProject "Project-2-BeReal" */;
			compatibilityVersion = "Xcode 14.0";
			developmentRegion = en;
			hasScannedForEncodings = 0;
			knownRegions = (
				en,
				Base,
			);
			mainGroup = 91EFF2652B9B63D400B70D76;
			packageReferences = (
				91D074532B9BB510009BA000 /* XCRemoteSwiftPackageReference "Parse-Swift" */,
				91D074562B9BB517009BA000 /* XCRemoteSwiftPackageReference "AlamofireImage" */,
				91D074592B9BB527009BA000 /* XCRemoteSwiftPackageReference "Alamofire" */,
			);
			productRefGroup = 91EFF26F2B9B63D400B70D76 /* Products */;
			projectDirPath = "";
			projectRoot = "";
			targets = (
				91EFF26D2B9B63D400B70D76 /* Project-2-BeReal */,
			);
		};
/* End PBXProject section */

/* Begin PBXResourcesBuildPhase section */
		91EFF26C2B9B63D400B70D76 /* Resources */ = {
			isa = PBXResourcesBuildPhase;
			buildActionMask = 2147483647;
			files = (
				91EFF27E2B9B63D500B70D76 /* LaunchScreen.storyboard in Resources */,
				91EFF27B2B9B63D500B70D76 /* Assets.xcassets in Resources */,
				91EFF2792B9B63D400B70D76 /* Main.storyboard in Resources */,
			);
			runOnlyForDeploymentPostprocessing = 0;
		};
/* End PBXResourcesBuildPhase section */

/* Begin PBXSourcesBuildPhase section */
		91EFF26A2B9B63D400B70D76 /* Sources */ = {
			isa = PBXSourcesBuildPhase;
			buildActionMask = 2147483647;
			files = (
				91D074522B9BB4EB009BA000 /* PostCell.swift in Sources */,
				91D074502B9BB206009BA000 /* PostViewController.swift in Sources */,
				91EFF2762B9B63D400B70D76 /* LoginViewController.swift in Sources */,
				91EFF2722B9B63D400B70D76 /* AppDelegate.swift in Sources */,
				91D074612B9BB7CB009BA000 /* User.swift in Sources */,
				91D0744E2B9BB1F9009BA000 /* FeedViewController.swift in Sources */,
				91D074632B9BB7D4009BA000 /* Post.swift in Sources */,
				91D0744C2B9BB1E9009BA000 /* SignupViewController.swift in Sources */,
				91D074662B9BBB89009BA000 /* DateFormatter+Extension.swift in Sources */,
				91EFF2742B9B63D400B70D76 /* SceneDelegate.swift in Sources */,
			);
			runOnlyForDeploymentPostprocessing = 0;
		};
/* End PBXSourcesBuildPhase section */

/* Begin PBXVariantGroup section */
		91EFF2772B9B63D400B70D76 /* Main.storyboard */ = {
			isa = PBXVariantGroup;
			children = (
				91EFF2782B9B63D400B70D76 /* Base */,
			);
			name = Main.storyboard;
			sourceTree = "<group>";
		};
		91EFF27C2B9B63D500B70D76 /* LaunchScreen.storyboard */ = {
			isa = PBXVariantGroup;
			children = (
				91EFF27D2B9B63D500B70D76 /* Base */,
			);
			name = LaunchScreen.storyboard;
			sourceTree = "<group>";
		};
/* End PBXVariantGroup section */

/* Begin XCBuildConfiguration section */
		91EFF2802B9B63D500B70D76 /* Debug */ = {
			isa = XCBuildConfiguration;
			buildSettings = {
				ALWAYS_SEARCH_USER_PATHS = NO;
				ASSETCATALOG_COMPILER_GENERATE_SWIFT_ASSET_SYMBOL_EXTENSIONS = YES;
				CLANG_ANALYZER_NONNULL = YES;
				CLANG_ANALYZER_NUMBER_OBJECT_CONVERSION = YES_AGGRESSIVE;
				CLANG_CXX_LANGUAGE_STANDARD = "gnu++20";
				CLANG_ENABLE_MODULES = YES;
				CLANG_ENABLE_OBJC_ARC = YES;
				CLANG_ENABLE_OBJC_WEAK = YES;
				CLANG_WARN_BLOCK_CAPTURE_AUTORELEASING = YES;
				CLANG_WARN_BOOL_CONVERSION = YES;
				CLANG_WARN_COMMA = YES;
				CLANG_WARN_CONSTANT_CONVERSION = YES;
				CLANG_WARN_DEPRECATED_OBJC_IMPLEMENTATIONS = YES;
				CLANG_WARN_DIRECT_OBJC_ISA_USAGE = YES_ERROR;
				CLANG_WARN_DOCUMENTATION_COMMENTS = YES;
				CLANG_WARN_EMPTY_BODY = YES;
				CLANG_WARN_ENUM_CONVERSION = YES;
				CLANG_WARN_INFINITE_RECURSION = YES;
				CLANG_WARN_INT_CONVERSION = YES;
				CLANG_WARN_NON_LITERAL_NULL_CONVERSION = YES;
				CLANG_WARN_OBJC_IMPLICIT_RETAIN_SELF = YES;
				CLANG_WARN_OBJC_LITERAL_CONVERSION = YES;
				CLANG_WARN_OBJC_ROOT_CLASS = YES_ERROR;
				CLANG_WARN_QUOTED_INCLUDE_IN_FRAMEWORK_HEADER = YES;
				CLANG_WARN_RANGE_LOOP_ANALYSIS = YES;
				CLANG_WARN_STRICT_PROTOTYPES = YES;
				CLANG_WARN_SUSPICIOUS_MOVE = YES;
				CLANG_WARN_UNGUARDED_AVAILABILITY = YES_AGGRESSIVE;
				CLANG_WARN_UNREACHABLE_CODE = YES;
				CLANG_WARN__DUPLICATE_METHOD_MATCH = YES;
				COPY_PHASE_STRIP = NO;
				DEBUG_INFORMATION_FORMAT = dwarf;
				ENABLE_STRICT_OBJC_MSGSEND = YES;
				ENABLE_TESTABILITY = YES;
				ENABLE_USER_SCRIPT_SANDBOXING = YES;
				GCC_C_LANGUAGE_STANDARD = gnu17;
				GCC_DYNAMIC_NO_PIC = NO;
				GCC_NO_COMMON_BLOCKS = YES;
				GCC_OPTIMIZATION_LEVEL = 0;
				GCC_PREPROCESSOR_DEFINITIONS = (
					"DEBUG=1",
					"$(inherited)",
				);
				GCC_WARN_64_TO_32_BIT_CONVERSION = YES;
				GCC_WARN_ABOUT_RETURN_TYPE = YES_ERROR;
				GCC_WARN_UNDECLARED_SELECTOR = YES;
				GCC_WARN_UNINITIALIZED_AUTOS = YES_AGGRESSIVE;
				GCC_WARN_UNUSED_FUNCTION = YES;
				GCC_WARN_UNUSED_VARIABLE = YES;
				IPHONEOS_DEPLOYMENT_TARGET = 17.2;
				LOCALIZATION_PREFERS_STRING_CATALOGS = YES;
				MTL_ENABLE_DEBUG_INFO = INCLUDE_SOURCE;
				MTL_FAST_MATH = YES;
				ONLY_ACTIVE_ARCH = YES;
				SDKROOT = iphoneos;
				SWIFT_ACTIVE_COMPILATION_CONDITIONS = "DEBUG $(inherited)";
				SWIFT_OPTIMIZATION_LEVEL = "-Onone";
			};
			name = Debug;
		};
		91EFF2812B9B63D500B70D76 /* Release */ = {
			isa = XCBuildConfiguration;
			buildSettings = {
				ALWAYS_SEARCH_USER_PATHS = NO;
				ASSETCATALOG_COMPILER_GENERATE_SWIFT_ASSET_SYMBOL_EXTENSIONS = YES;
				CLANG_ANALYZER_NONNULL = YES;
				CLANG_ANALYZER_NUMBER_OBJECT_CONVERSION = YES_AGGRESSIVE;
				CLANG_CXX_LANGUAGE_STANDARD = "gnu++20";
				CLANG_ENABLE_MODULES = YES;
				CLANG_ENABLE_OBJC_ARC = YES;
				CLANG_ENABLE_OBJC_WEAK = YES;
				CLANG_WARN_BLOCK_CAPTURE_AUTORELEASING = YES;
				CLANG_WARN_BOOL_CONVERSION = YES;
				CLANG_WARN_COMMA = YES;
				CLANG_WARN_CONSTANT_CONVERSION = YES;
				CLANG_WARN_DEPRECATED_OBJC_IMPLEMENTATIONS = YES;
				CLANG_WARN_DIRECT_OBJC_ISA_USAGE = YES_ERROR;
				CLANG_WARN_DOCUMENTATION_COMMENTS = YES;
				CLANG_WARN_EMPTY_BODY = YES;
				CLANG_WARN_ENUM_CONVERSION = YES;
				CLANG_WARN_INFINITE_RECURSION = YES;
				CLANG_WARN_INT_CONVERSION = YES;
				CLANG_WARN_NON_LITERAL_NULL_CONVERSION = YES;
				CLANG_WARN_OBJC_IMPLICIT_RETAIN_SELF = YES;
				CLANG_WARN_OBJC_LITERAL_CONVERSION = YES;
				CLANG_WARN_OBJC_ROOT_CLASS = YES_ERROR;
				CLANG_WARN_QUOTED_INCLUDE_IN_FRAMEWORK_HEADER = YES;
				CLANG_WARN_RANGE_LOOP_ANALYSIS = YES;
				CLANG_WARN_STRICT_PROTOTYPES = YES;
				CLANG_WARN_SUSPICIOUS_MOVE = YES;
				CLANG_WARN_UNGUARDED_AVAILABILITY = YES_AGGRESSIVE;
				CLANG_WARN_UNREACHABLE_CODE = YES;
				CLANG_WARN__DUPLICATE_METHOD_MATCH = YES;
				COPY_PHASE_STRIP = NO;
				DEBUG_INFORMATION_FORMAT = "dwarf-with-dsym";
				ENABLE_NS_ASSERTIONS = NO;
				ENABLE_STRICT_OBJC_MSGSEND = YES;
				ENABLE_USER_SCRIPT_SANDBOXING = YES;
				GCC_C_LANGUAGE_STANDARD = gnu17;
				GCC_NO_COMMON_BLOCKS = YES;
				GCC_WARN_64_TO_32_BIT_CONVERSION = YES;
				GCC_WARN_ABOUT_RETURN_TYPE = YES_ERROR;
				GCC_WARN_UNDECLARED_SELECTOR = YES;
				GCC_WARN_UNINITIALIZED_AUTOS = YES_AGGRESSIVE;
				GCC_WARN_UNUSED_FUNCTION = YES;
				GCC_WARN_UNUSED_VARIABLE = YES;
				IPHONEOS_DEPLOYMENT_TARGET = 17.2;
				LOCALIZATION_PREFERS_STRING_CATALOGS = YES;
				MTL_ENABLE_DEBUG_INFO = NO;
				MTL_FAST_MATH = YES;
				SDKROOT = iphoneos;
				SWIFT_COMPILATION_MODE = wholemodule;
				VALIDATE_PRODUCT = YES;
			};
			name = Release;
		};
		91EFF2832B9B63D500B70D76 /* Debug */ = {
			isa = XCBuildConfiguration;
			buildSettings = {
				ASSETCATALOG_COMPILER_APPICON_NAME = AppIcon;
				ASSETCATALOG_COMPILER_GLOBAL_ACCENT_COLOR_NAME = AccentColor;
				CODE_SIGN_STYLE = Automatic;
				CURRENT_PROJECT_VERSION = 1;
				GENERATE_INFOPLIST_FILE = YES;
				INFOPLIST_FILE = "Project-2-BeReal/Info.plist";
				INFOPLIST_KEY_UIApplicationSupportsIndirectInputEvents = YES;
				INFOPLIST_KEY_UILaunchStoryboardName = LaunchScreen;
				INFOPLIST_KEY_UIMainStoryboardFile = Main;
				INFOPLIST_KEY_UISupportedInterfaceOrientations_iPad = "UIInterfaceOrientationPortrait UIInterfaceOrientationPortraitUpsideDown UIInterfaceOrientationLandscapeLeft UIInterfaceOrientationLandscapeRight";
				INFOPLIST_KEY_UISupportedInterfaceOrientations_iPhone = "UIInterfaceOrientationPortrait UIInterfaceOrientationLandscapeLeft UIInterfaceOrientationLandscapeRight";
				LD_RUNPATH_SEARCH_PATHS = (
					"$(inherited)",
					"@executable_path/Frameworks",
				);
				MARKETING_VERSION = 1.0;
				PRODUCT_BUNDLE_IDENTIFIER = "com.muskanmankikar.Project-2-BeReal";
				PRODUCT_NAME = "$(TARGET_NAME)";
				SWIFT_EMIT_LOC_STRINGS = YES;
				SWIFT_VERSION = 5.0;
				TARGETED_DEVICE_FAMILY = "1,2";
			};
			name = Debug;
		};
		91EFF2842B9B63D500B70D76 /* Release */ = {
			isa = XCBuildConfiguration;
			buildSettings = {
				ASSETCATALOG_COMPILER_APPICON_NAME = AppIcon;
				ASSETCATALOG_COMPILER_GLOBAL_ACCENT_COLOR_NAME = AccentColor;
				CODE_SIGN_STYLE = Automatic;
				CURRENT_PROJECT_VERSION = 1;
				GENERATE_INFOPLIST_FILE = YES;
				INFOPLIST_FILE = "Project-2-BeReal/Info.plist";
				INFOPLIST_KEY_UIApplicationSupportsIndirectInputEvents = YES;
				INFOPLIST_KEY_UILaunchStoryboardName = LaunchScreen;
				INFOPLIST_KEY_UIMainStoryboardFile = Main;
				INFOPLIST_KEY_UISupportedInterfaceOrientations_iPad = "UIInterfaceOrientationPortrait UIInterfaceOrientationPortraitUpsideDown UIInterfaceOrientationLandscapeLeft UIInterfaceOrientationLandscapeRight";
				INFOPLIST_KEY_UISupportedInterfaceOrientations_iPhone = "UIInterfaceOrientationPortrait UIInterfaceOrientationLandscapeLeft UIInterfaceOrientationLandscapeRight";
				LD_RUNPATH_SEARCH_PATHS = (
					"$(inherited)",
					"@executable_path/Frameworks",
				);
				MARKETING_VERSION = 1.0;
				PRODUCT_BUNDLE_IDENTIFIER = "com.muskanmankikar.Project-2-BeReal";
				PRODUCT_NAME = "$(TARGET_NAME)";
				SWIFT_EMIT_LOC_STRINGS = YES;
				SWIFT_VERSION = 5.0;
				TARGETED_DEVICE_FAMILY = "1,2";
			};
			name = Release;
		};
/* End XCBuildConfiguration section */

/* Begin XCConfigurationList section */
		91EFF2692B9B63D400B70D76 /* Build configuration list for PBXProject "Project-2-BeReal" */ = {
			isa = XCConfigurationList;
			buildConfigurations = (
				91EFF2802B9B63D500B70D76 /* Debug */,
				91EFF2812B9B63D500B70D76 /* Release */,
			);
			defaultConfigurationIsVisible = 0;
			defaultConfigurationName = Release;
		};
		91EFF2822B9B63D500B70D76 /* Build configuration list for PBXNativeTarget "Project-2-BeReal" */ = {
			isa = XCConfigurationList;
			buildConfigurations = (
				91EFF2832B9B63D500B70D76 /* Debug */,
				91EFF2842B9B63D500B70D76 /* Release */,
			);
			defaultConfigurationIsVisible = 0;
			defaultConfigurationName = Release;
		};
/* End XCConfigurationList section */

/* Begin XCRemoteSwiftPackageReference section */
		91D074532B9BB510009BA000 /* XCRemoteSwiftPackageReference "Parse-Swift" */ = {
			isa = XCRemoteSwiftPackageReference;
			repositoryURL = "https://github.com/parse-community/Parse-Swift";
			requirement = {
				kind = upToNextMajorVersion;
				minimumVersion = 4.14.2;
			};
		};
		91D074562B9BB517009BA000 /* XCRemoteSwiftPackageReference "AlamofireImage" */ = {
			isa = XCRemoteSwiftPackageReference;
			repositoryURL = "https://github.com/Alamofire/AlamofireImage";
			requirement = {
				kind = upToNextMajorVersion;
				minimumVersion = 4.3.0;
			};
		};
		91D074592B9BB527009BA000 /* XCRemoteSwiftPackageReference "Alamofire" */ = {
			isa = XCRemoteSwiftPackageReference;
			repositoryURL = "https://github.com/Alamofire/Alamofire";
			requirement = {
				kind = upToNextMajorVersion;
				minimumVersion = 5.9.0;
			};
		};
/* End XCRemoteSwiftPackageReference section */

/* Begin XCSwiftPackageProductDependency section */
		91D074542B9BB510009BA000 /* ParseSwift */ = {
			isa = XCSwiftPackageProductDependency;
			package = 91D074532B9BB510009BA000 /* XCRemoteSwiftPackageReference "Parse-Swift" */;
			productName = ParseSwift;
		};
		91D074572B9BB517009BA000 /* AlamofireImage */ = {
			isa = XCSwiftPackageProductDependency;
			package = 91D074562B9BB517009BA000 /* XCRemoteSwiftPackageReference "AlamofireImage" */;
			productName = AlamofireImage;
		};
		91D0745A2B9BB527009BA000 /* Alamofire */ = {
			isa = XCSwiftPackageProductDependency;
			package = 91D074592B9BB527009BA000 /* XCRemoteSwiftPackageReference "Alamofire" */;
			productName = Alamofire;
		};
		91D0745C2B9BB527009BA000 /* AlamofireDynamic */ = {
			isa = XCSwiftPackageProductDependency;
			package = 91D074592B9BB527009BA000 /* XCRemoteSwiftPackageReference "Alamofire" */;
			productName = AlamofireDynamic;
		};
/* End XCSwiftPackageProductDependency section */
	};
	rootObject = 91EFF2662B9B63D400B70D76 /* Project object */;
}
